
Microsoft Visual Studio Solution File, Format Version 12.00
# Visual Studio Version 17
VisualStudioVersion = 17.1.32328.378
MinimumVisualStudioVersion = 10.0.40219.1
Project("{FAE04EC0-301F-11D3-BF4B-00C04F79EFBC}") = "WebApplication2", "WebApplication2.csproj", "{F7D457BB-B177-49AF-A4D1-FB101F4C58BF}"
EndProject
Global
	GlobalSection(SolutionConfigurationPlatforms) = preSolution
		Debug|Any CPU = Debug|Any CPU
		Release|Any CPU = Release|Any CPU
	EndGlobalSection
	GlobalSection(ProjectConfigurationPlatforms) = postSolution
		{F7D457BB-B177-49AF-A4D1-FB101F4C58BF}.Debug|Any CPU.ActiveCfg = Debug|Any CPU
		{F7D457BB-B177-49AF-A4D1-FB101F4C58BF}.Debug|Any CPU.Build.0 = Debug|Any CPU
		{F7D457BB-B177-49AF-A4D1-FB101F4C58BF}.Release|Any CPU.ActiveCfg = Release|Any CPU
		{F7D457BB-B177-49AF-A4D1-FB101F4C58BF}.Release|Any CPU.Build.0 = Release|Any CPU
	EndGlobalSection
	GlobalSection(SolutionProperties) = preSolution
		HideSolutionNode = FALSE
	EndGlobalSection
	GlobalSection(ExtensibilityGlobals) = postSolution
		SolutionGuid = {655DB2DE-55D6-449D-86B2-44184C63F420}
	EndGlobalSection
EndGlobal
